
Microsoft Visual Studio Solution File, Format Version 12.00
# Visual Studio Version 17
VisualStudioVersion = 17.14.36518.9
MinimumVisualStudioVersion = 10.0.40219.1
Project("{FAE04EC0-301F-11D3-BF4B-00C04F79EFBC}") = "CoreRun.Domain", "CoreRun.Domain\CoreRun.Domain.csproj", "{70DA77A2-E70C-4121-AA0B-C1F70DCD048B}"
EndProject
Project("{FAE04EC0-301F-11D3-BF4B-00C04F79EFBC}") = "CoreRun.Infrastructure", "CoreRun.Infrastructure\CoreRun.Infrastructure.csproj", "{52170B77-A46B-4C11-9462-A7E23E116993}"
EndProject
Project("{FAE04EC0-301F-11D3-BF4B-00C04F79EFBC}") = "CoreRun.Applcation", "CoreRun.Applcation\CoreRun.Applcation.csproj", "{6F31D268-0651-48BB-A4DF-1FC821DD06AA}"
EndProject
Project("{FAE04EC0-301F-11D3-BF4B-00C04F79EFBC}") = "CoreRun.API", "CoreRun.API\CoreRun.API.csproj", "{34449F71-CAE4-BFEC-9E93-F566EE6FDAA5}"
EndProject
Global
	GlobalSection(SolutionConfigurationPlatforms) = preSolution
		Debug|Any CPU = Debug|Any CPU
		Release|Any CPU = Release|Any CPU
	EndGlobalSection
	GlobalSection(ProjectConfigurationPlatforms) = postSolution
		{70DA77A2-E70C-4121-AA0B-C1F70DCD048B}.Debug|Any CPU.ActiveCfg = Debug|Any CPU
		{70DA77A2-E70C-4121-AA0B-C1F70DCD048B}.Debug|Any CPU.Build.0 = Debug|Any CPU
		{70DA77A2-E70C-4121-AA0B-C1F70DCD048B}.Release|Any CPU.ActiveCfg = Release|Any CPU
		{70DA77A2-E70C-4121-AA0B-C1F70DCD048B}.Release|Any CPU.Build.0 = Release|Any CPU
		{52170B77-A46B-4C11-9462-A7E23E116993}.Debug|Any CPU.ActiveCfg = Debug|Any CPU
		{52170B77-A46B-4C11-9462-A7E23E116993}.Debug|Any CPU.Build.0 = Debug|Any CPU
		{52170B77-A46B-4C11-9462-A7E23E116993}.Release|Any CPU.ActiveCfg = Release|Any CPU
		{52170B77-A46B-4C11-9462-A7E23E116993}.Release|Any CPU.Build.0 = Release|Any CPU
		{6F31D268-0651-48BB-A4DF-1FC821DD06AA}.Debug|Any CPU.ActiveCfg = Debug|Any CPU
		{6F31D268-0651-48BB-A4DF-1FC821DD06AA}.Debug|Any CPU.Build.0 = Debug|Any CPU
		{6F31D268-0651-48BB-A4DF-1FC821DD06AA}.Release|Any CPU.ActiveCfg = Release|Any CPU
		{6F31D268-0651-48BB-A4DF-1FC821DD06AA}.Release|Any CPU.Build.0 = Release|Any CPU
		{34449F71-CAE4-BFEC-9E93-F566EE6FDAA5}.Debug|Any CPU.ActiveCfg = Debug|Any CPU
		{34449F71-CAE4-BFEC-9E93-F566EE6FDAA5}.Debug|Any CPU.Build.0 = Debug|Any CPU
		{34449F71-CAE4-BFEC-9E93-F566EE6FDAA5}.Release|Any CPU.ActiveCfg = Release|Any CPU
		{34449F71-CAE4-BFEC-9E93-F566EE6FDAA5}.Release|Any CPU.Build.0 = Release|Any CPU
	EndGlobalSection
	GlobalSection(SolutionProperties) = preSolution
		HideSolutionNode = FALSE
	EndGlobalSection
	GlobalSection(ExtensibilityGlobals) = postSolution
		SolutionGuid = {13E389BD-0D09-4408-9BE2-6562FF4BE1AA}
	EndGlobalSection
EndGlobal
